# THIS IS AN AUTOGENERATED FILE. DO NOT EDIT THIS FILE DIRECTLY.
# yarn lockfile v1


sqlite@^4.0.23:
  version "4.0.23"
  resolved "https://registry.yarnpkg.com/sqlite/-/sqlite-4.0.23.tgz#ada09028b38e91883db08ac465d841e814d1bb00"
  integrity sha512-dSdmSkrdIhUL7xP/fiEMfFuAo4dxb0afag3rK8T4Y9lYxE3g3fXT0J8H9qSFvmcKxnM0zEA8yvLbpdWQ8mom3g==
